{
  "name": "aoe-agent",
  "version": "0.0.1",
  "lockfileVersion": 3,
  "requires": true,
  "packages": {
    "": {
      "name": "aoe-agent",
      "version": "0.0.1",
      "license": "MIT",
      "dependencies": {
        "@agentclientprotocol/sdk": "^0.22.0",
        "@ai-sdk/anthropic": "^3.0.80",
        "@ai-sdk/google": "^3.0.80",
        "@ai-sdk/openai": "^3.0.66",
        "@ai-sdk/openai-compatible": "^2.0.48",
        "ai": "^6.0.191",
        "zod": "^4.4.3"
      },
      "bin": {
        "aoe-agent": "src/index.ts"
      },
      "engines": {
        "node": ">=22.0.0"
      }
    },
    "node_modules/@agentclientprotocol/sdk": {
      "version": "0.22.0",
      "resolved": "https://registry.npmjs.org/@agentclientprotocol/sdk/-/sdk-0.22.0.tgz",
      "integrity": "sha512-mnkpiuEfGm7/snhWbrRhe3Hk+WDDjv7U2N/Ql0XiThl9zg7T984dPH8Tich4wlBQnaaXTV4Fl5OQSe2pa9hoFA==",
      "license": "Apache-2.0",
      "peerDependencies": {
        "zod": "^3.25.0 || ^4.0.0"
      }
    },
    "node_modules/@ai-sdk/anthropic": {
      "version": "3.0.80",
      "resolved": "https://registry.npmjs.org/@ai-sdk/anthropic/-/anthropic-3.0.80.tgz",
      "integrity": "sha512-lT8flzmQe7brMXcj+HxIRqC5/P8N2spHj88n7fdY84K8Ay5TI5hbeic3P2T668d9UmKZtIUcefLwgGW4xzfVkA==",
      "license": "Apache-2.0",
      "dependencies": {
        "@ai-sdk/provider": "3.0.10",
        "@ai-sdk/provider-utils": "4.0.27"
      },
      "engines": {
        "node": ">=18"
      },
      "peerDependencies": {
        "zod": "^3.25.76 || ^4.1.8"
      }
    },
    "node_modules/@ai-sdk/gateway": {
      "version": "3.0.120",
      "resolved": "https://registry.npmjs.org/@ai-sdk/gateway/-/gateway-3.0.120.tgz",
      "integrity": "sha512-MYKAeD2q7/sa1ZdqtL2tw0Me0B8Tok6Q/fhkJDhJl39dG8u+VBlWO9yk9lcdm784bM418o1EKObo4aOxs6+18Q==",
      "license": "Apache-2.0",
      "dependencies": {
        "@ai-sdk/provider": "3.0.10",
        "@ai-sdk/provider-utils": "4.0.27",
        "@vercel/oidc": "3.2.0"
      },
      "engines": {
        "node": ">=18"
      },
      "peerDependencies": {
        "zod": "^3.25.76 || ^4.1.8"
      }
    },
    "node_modules/@ai-sdk/google": {
      "version": "3.0.80",
      "resolved": "https://registry.npmjs.org/@ai-sdk/google/-/google-3.0.80.tgz",
      "integrity": "sha512-5ORbm/yFUPO0MEvZsxBMN0cdKw2+lwU/wVn5KN3KF8Dmk1LughuDuUohMh/7iU/XFTiyB0OvmTW/tdV/J7O9zg==",
      "license": "Apache-2.0",
      "dependencies": {
        "@ai-sdk/provider": "3.0.10",
        "@ai-sdk/provider-utils": "4.0.27"
      },
      "engines": {
        "node": ">=18"
      },
      "peerDependencies": {
        "zod": "^3.25.76 || ^4.1.8"
      }
    },
    "node_modules/@ai-sdk/openai": {
      "version": "3.0.66",
      "resolved": "https://registry.npmjs.org/@ai-sdk/openai/-/openai-3.0.66.tgz",
      "integrity": "sha512-n9mZ7PbU7O2zN8UMcx495Gfx7sE/rL4KS+o5JzBOUbYJCuwEIxKO6yJaUkxa4r6IyiLxyGib0jegZw91Hh0diA==",
      "license": "Apache-2.0",
      "dependencies": {
        "@ai-sdk/provider": "3.0.10",
        "@ai-sdk/provider-utils": "4.0.27"
      },
      "engines": {
        "node": ">=18"
      },
      "peerDependencies": {
        "zod": "^3.25.76 || ^4.1.8"
      }
    },
    "node_modules/@ai-sdk/openai-compatible": {
      "version": "2.0.48",
      "resolved": "https://registry.npmjs.org/@ai-sdk/openai-compatible/-/openai-compatible-2.0.48.tgz",
      "integrity": "sha512-z9MC6M4Oh/yUY/F/eszOtO8wc2nMz99XmZQKd2gWTtyIfe716xTfrKe3aYZKg20NZDtyjqPPKPSR+wqz7q1T7Q==",
      "license": "Apache-2.0",
      "dependencies": {
        "@ai-sdk/provider": "3.0.10",
        "@ai-sdk/provider-utils": "4.0.27"
      },
      "engines": {
        "node": ">=18"
      },
      "peerDependencies": {
        "zod": "^3.25.76 || ^4.1.8"
      }
    },
    "node_modules/@ai-sdk/provider": {
      "version": "3.0.10",
      "resolved": "https://registry.npmjs.org/@ai-sdk/provider/-/provider-3.0.10.tgz",
      "integrity": "sha512-Q3BZ27qfpYqnCYGvE3vt+Qi6LGOF9R5Nmzn+9JoM1lCRsD9mYaIhfJLkSunN48nfGXJ6n+XNV0J/XVpqGQl7Dw==",
      "license": "Apache-2.0",
      "dependencies": {
        "json-schema": "^0.4.0"
      },
      "engines": {
        "node": ">=18"
      }
    },
    "node_modules/@ai-sdk/provider-utils": {
      "version": "4.0.27",
      "resolved": "https://registry.npmjs.org/@ai-sdk/provider-utils/-/provider-utils-4.0.27.tgz",
      "integrity": "sha512-ubkAJ+xODouwtmN1tYlvTPphH1hPOBfZaEQe8U7skGvFAnIRs9PPpsq57bC2+Ky/MB4yzhd6YOsxTAx9sGpazw==",
      "license": "Apache-2.0",
      "dependencies": {
        "@ai-sdk/provider": "3.0.10",
        "@standard-schema/spec": "^1.1.0",
        "eventsource-parser": "^3.0.8"
      },
      "engines": {
        "node": ">=18"
      },
      "peerDependencies": {
        "zod": "^3.25.76 || ^4.1.8"
      }
    },
    "node_modules/@opentelemetry/api": {
      "version": "1.9.0",
      "resolved": "https://registry.npmjs.org/@opentelemetry/api/-/api-1.9.0.tgz",
      "integrity": "sha512-3giAOQvZiH5F9bMlMiv8+GSPMeqg0dbaeo58/0SlA9sxSqZhnUtxzX9/2FzyhS9sWQf5S0GJE0AKBrFqjpeYcg==",
      "license": "Apache-2.0",
      "engines": {
        "node": ">=8.0.0"
      }
    },
    "node_modules/@standard-schema/spec": {
      "version": "1.1.0",
      "resolved": "https://registry.npmjs.org/@standard-schema/spec/-/spec-1.1.0.tgz",
      "integrity": "sha512-l2aFy5jALhniG5HgqrD6jXLi/rUWrKvqN/qJx6yoJsgKhblVd+iqqU4RCXavm/jPityDo5TCvKMnpjKnOriy0w==",
      "license": "MIT"
    },
    "node_modules/@vercel/oidc": {
      "version": "3.2.0",
      "resolved": "https://registry.npmjs.org/@vercel/oidc/-/oidc-3.2.0.tgz",
      "integrity": "sha512-UycprH3T6n3jH0k44NHMa7pnFHGu/N05MjojYr+Mc6I7obkoLIJujSWwin1pCvdy/eOxrI/l3uDLQsmcrOb4ug==",
      "license": "Apache-2.0",
      "engines": {
        "node": ">= 20"
      }
    },
    "node_modules/ai": {
      "version": "6.0.191",
      "resolved": "https://registry.npmjs.org/ai/-/ai-6.0.191.tgz",
      "integrity": "sha512-zAxvjKebQE7YkSyyNIl0OM7i6/zygnKeF+yNUjD4nWOelYrG+LpDd6RnH6mjySI4zUpZ7o4wbnmAy8jc6u98vQ==",
      "license": "Apache-2.0",
      "dependencies": {
        "@ai-sdk/gateway": "3.0.120",
        "@ai-sdk/provider": "3.0.10",
        "@ai-sdk/provider-utils": "4.0.27",
        "@opentelemetry/api": "^1.9.0"
      },
      "engines": {
        "node": ">=18"
      },
      "peerDependencies": {
        "zod": "^3.25.76 || ^4.1.8"
      }
    },
    "node_modules/eventsource-parser": {
      "version": "3.0.8",
      "resolved": "https://registry.npmjs.org/eventsource-parser/-/eventsource-parser-3.0.8.tgz",
      "integrity": "sha512-70QWGkr4snxr0OXLRWsFLeRBIRPuQOvt4s8QYjmUlmlkyTZkRqS7EDVRZtzU3TiyDbXSzaOeF0XUKy8PchzukQ==",
      "license": "MIT",
      "engines": {
        "node": ">=18.0.0"
      }
    },
    "node_modules/json-schema": {
      "version": "0.4.0",
      "resolved": "https://registry.npmjs.org/json-schema/-/json-schema-0.4.0.tgz",
      "integrity": "sha512-es94M3nTIfsEPisRafak+HDLfHXnKBhV3vU5eqPcS3flIWqcxJWgXHXiey3YrpaNsanY5ei1VoYEbOzijuq9BA==",
      "license": "(AFL-2.1 OR BSD-3-Clause)"
    },
    "node_modules/zod": {
      "version": "4.4.3",
      "resolved": "https://registry.npmjs.org/zod/-/zod-4.4.3.tgz",
      "integrity": "sha512-ytENFjIJFl2UwYglde2jchW2Hwm4GJFLDiSXWdTrJQBIN9Fcyp7n4DhxJEiWNAJMV1/BqWfW/kkg71UDcHJyTQ==",
      "license": "MIT",
      "funding": {
        "url": "https://github.com/sponsors/colinhacks"
      }
    }
  }
}
